{
  "version": 1,
  "dependencies": {
    ".NETCoreApp,Version=v3.1": {
      "Npgsql.EntityFrameworkCore.PostgreSQL": {
        "type": "Direct",
        "requested": "[3.1.3, )",
        "resolved": "3.1.3",
        "contentHash": "OsuFPlLHx8fyZQOF6e1AOOZ5Wn93eMAGyMihTe/06WEfTy/a367XwU9xJR+sqfvwXKUy+fvLafgFVG0etLTklQ==",
        "dependencies": {
          "Microsoft.EntityFrameworkCore": "3.1.3",
          "Microsoft.EntityFrameworkCore.Abstractions": "3.1.3",
          "Microsoft.EntityFrameworkCore.Relational": "3.1.3",
          "Npgsql": "4.1.3"
        }
      },
      "Swashbuckle.AspNetCore": {
        "type": "Direct",
        "requested": "[5.4.1, )",
        "resolved": "5.4.1",
        "contentHash": "5EA++Cg8nzw1GCOM+7gWqrXJtylH8XMu+ixkFrbRIhRSMiZLzVPCFnSgAvJn+hCyi+AipUoJbBYv1BjvugieSw==",
        "dependencies": {
          "Microsoft.Extensions.ApiDescription.Server": "3.0.0",
          "Swashbuckle.AspNetCore.Swagger": "5.4.1",
          "Swashbuckle.AspNetCore.SwaggerGen": "5.4.1",
          "Swashbuckle.AspNetCore.SwaggerUI": "5.4.1"
        }
      },
      "Microsoft.Bcl.AsyncInterfaces": {
        "type": "Transitive",
        "resolved": "1.1.0",
        "contentHash": "1Am6l4Vpn3/K32daEqZI+FFr96OlZkgwK2LcT3pZ2zWubR5zTPW3/FkO1Rat9kb7oQOa4rxgl9LJHc5tspCWfg=="
      },
      "Microsoft.Bcl.HashCode": {
        "type": "Transitive",
        "resolved": "1.1.0",
        "contentHash": "J2G1k+u5unBV+aYcwxo94ip16Rkp65pgWFb0R6zwJipzWNMgvqlWeuI7/+R+e8bob66LnSG+llLJ+z8wI94cHg=="
      },
      "Microsoft.EntityFrameworkCore": {
        "type": "Transitive",
        "resolved": "3.1.3",
        "contentHash": "+LyCAQqSxBhorS0xz6gH0AXR05JkSz4L/Dn7ZgMvwMxAqYMSzMso0nHUv4PJbWI5sgjHxYCTFf0JeNLi/8ctpg==",
        "dependencies": {
          "Microsoft.Bcl.AsyncInterfaces": "1.1.0",
          "Microsoft.Bcl.HashCode": "1.1.0",
          "Microsoft.EntityFrameworkCore.Abstractions": "3.1.3",
          "Microsoft.EntityFrameworkCore.Analyzers": "3.1.3",
          "Microsoft.Extensions.Caching.Memory": "3.1.3",
          "Microsoft.Extensions.DependencyInjection": "3.1.3",
          "Microsoft.Extensions.Logging": "3.1.3",
          "System.Collections.Immutable": "1.7.0",
          "System.ComponentModel.Annotations": "4.7.0",
          "System.Diagnostics.DiagnosticSource": "4.7.0"
        }
      },
      "Microsoft.EntityFrameworkCore.Abstractions": {
        "type": "Transitive",
        "resolved": "3.1.3",
        "contentHash": "Lw85zK0KR3Qh9/PddsUAPWxRVhhmRxpx07vH3r8ievnPWF47u2gANwvtxI8GYNYYIapYd0/wq5e6vSGcEIJryw=="
      },
      "Microsoft.EntityFrameworkCore.Analyzers": {
        "type": "Transitive",
        "resolved": "3.1.3",
        "contentHash": "FrGD6Os1wCM7dq7kCvFMR1ixEo0VsceqYBpKm6DuF8nDlyHGCYRnaeagMjTraWCtZz0jpqGu83qD880E/NgSBA=="
      },
      "Microsoft.EntityFrameworkCore.Relational": {
        "type": "Transitive",
        "resolved": "3.1.3",
        "contentHash": "uL8nPKSGtWkqi613tGj2fbFGskm4k6KKE7rRcWFEQx0tbrOyMiowL4gErFLa0izmoSE1uWhEdqxq1iE1C3yCmw==",
        "dependencies": {
          "Microsoft.EntityFrameworkCore": "3.1.3"
        }
      },
      "Microsoft.Extensions.ApiDescription.Server": {
        "type": "Transitive",
        "resolved": "3.0.0",
        "contentHash": "LH4OE/76F6sOCslif7+Xh3fS/wUUrE5ryeXAMcoCnuwOQGT5Smw0p57IgDh/pHgHaGz/e+AmEQb7pRgb++wt0w=="
      },
      "Microsoft.Extensions.Caching.Abstractions": {
        "type": "Transitive",
        "resolved": "3.1.3",
        "contentHash": "jWyuPd4HqWT0rEjoCnG/7OB/KcYbIBa0z7TS6eWytTwrbjT2/pnp+LUYUZAqc9ppSZFf2u2gFYQ7RFS3UU+vEw==",
        "dependencies": {
          "Microsoft.Extensions.Primitives": "3.1.3"
        }
      },
      "Microsoft.Extensions.Caching.Memory": {
        "type": "Transitive",
        "resolved": "3.1.3",
        "contentHash": "Ie7mWAuyd6BxnUYswc84Bf8iMHknNcP2ZV0me/8ZCsaIwcNb+NUHJOZwwaaAz6HJM6+K0PLilPePTCVkqY8XGw==",
        "dependencies": {
          "Microsoft.Extensions.Caching.Abstractions": "3.1.3",
          "Microsoft.Extensions.DependencyInjection.Abstractions": "3.1.3",
          "Microsoft.Extensions.Logging.Abstractions": "3.1.3",
          "Microsoft.Extensions.Options": "3.1.3"
        }
      },
      "Microsoft.Extensions.Configuration": {
        "type": "Transitive",
        "resolved": "3.1.3",
        "contentHash": "nTr4JgTSJScDBD3lahIh1jUBH8A43oG1cqID1qLoHSZhtegslpIyTYxmnehtUKi6xdY5j9R0oWeeGEP+JTcmAg==",
        "dependencies": {
          "Microsoft.Extensions.Configuration.Abstractions": "3.1.3"
        }
      },
      "Microsoft.Extensions.Configuration.Abstractions": {
        "type": "Transitive",
        "resolved": "3.1.3",
        "contentHash": "d3vpIJdw+hRtkW1WoNTXhCczakVVId30Tj58li5GbJxz6MVGi8gy4+7JdLBb/wuHFd4+25cZe+Z0WPi207rBbQ==",
        "dependencies": {
          "Microsoft.Extensions.Primitives": "3.1.3"
        }
      },
      "Microsoft.Extensions.Configuration.Binder": {
        "type": "Transitive",
        "resolved": "3.1.3",
        "contentHash": "GouLlU6JOffNNudJpC+eGtGMe9o5ds2oH9dsJUEH1QS13eLl60eNX9rHicaE40c252e7Aixn3sS7yregDfpQ8g==",
        "dependencies": {
          "Microsoft.Extensions.Configuration": "3.1.3"
        }
      },
      "Microsoft.Extensions.DependencyInjection": {
        "type": "Transitive",
        "resolved": "3.1.3",
        "contentHash": "H/d/jt4Pdp2iYx28shLkxfgQpk9S7cCCTEjtS/61PbZcFAT/mc4cemmOlBdED7+CqmEAIDg8X4Fo0KtADaNizg==",
        "dependencies": {
          "Microsoft.Extensions.DependencyInjection.Abstractions": "3.1.3"
        }
      },
      "Microsoft.Extensions.DependencyInjection.Abstractions": {
        "type": "Transitive",
        "resolved": "3.1.3",
        "contentHash": "woeS5XeBChU76EmtFCwGHKgBfsYIn76u3myDq4zNY2ZrcwzBMNEViK2FRgXDgF11PBNbGdKCXsWFFZDtqPW0nQ=="
      },
      "Microsoft.Extensions.Logging": {
        "type": "Transitive",
        "resolved": "3.1.3",
        "contentHash": "mAuOMhgB73dgVYeJzrksGU6BUBr7vIruFJyxssYK1nmDS+ude0kShILrXPq2iGHOvYNacczW4VSa6zcssUh4iQ==",
        "dependencies": {
          "Microsoft.Extensions.Configuration.Binder": "3.1.3",
          "Microsoft.Extensions.DependencyInjection": "3.1.3",
          "Microsoft.Extensions.Logging.Abstractions": "3.1.3",
          "Microsoft.Extensions.Options": "3.1.3"
        }
      },
      "Microsoft.Extensions.Logging.Abstractions": {
        "type": "Transitive",
        "resolved": "3.1.3",
        "contentHash": "j6r0E+OVinD4s13CIZASYJLLLApStb1yh5Vig7moB2FE1UsMRj4TYJ/xioDjreVA0dyOFpbWny1/n2iSJMbmNg=="
      },
      "Microsoft.Extensions.Options": {
        "type": "Transitive",
        "resolved": "3.1.3",
        "contentHash": "RyOSOg/kHW3AXojWGSdOs3BXJJnE9Sc6RVvP4LhnY5oaC2Da4k8CWfIw7I+QThxV8HTCPjzmON9c+QO+JZggNg==",
        "dependencies": {
          "Microsoft.Extensions.DependencyInjection.Abstractions": "3.1.3",
          "Microsoft.Extensions.Primitives": "3.1.3"
        }
      },
      "Microsoft.Extensions.Primitives": {
        "type": "Transitive",
        "resolved": "3.1.3",
        "contentHash": "5gK6qeq9CBCHBfB3Tim3jCJTLafT9FXFBAZZq39rC8adz8mxcjVAuQSw3jGgHqoRk0jwtXKFhXJUVur8vfeuFg=="
      },
      "Microsoft.OpenApi": {
        "type": "Transitive",
        "resolved": "1.1.4",
        "contentHash": "6SW0tpbJslc8LAY1XniRfLVcJa7bJUbbwvo2/ZRqfkMbJrsqIj9045vg3STtZhDhYRKhpYgjqGU11eeW4Pzyrg=="
      },
      "Npgsql": {
        "type": "Transitive",
        "resolved": "4.1.3",
        "contentHash": "sWTXCb6WPPO7WEw4+1XoRqE49EdWmuyMA15LVbzV6jZgRxYWK8TbdniWMjguzmAgOZVYTmrCf+jsqPYoSqACvA==",
        "dependencies": {
          "System.Runtime.CompilerServices.Unsafe": "4.6.0"
        }
      },
      "Swashbuckle.AspNetCore.Swagger": {
        "type": "Transitive",
        "resolved": "5.4.1",
        "contentHash": "EY9ILzyXCAdAOmbbBM1LCTGO/T/hcRv16GrmwHWLqcBTOzZQ1lX6hUG+0BDu0xt1ti6TWMTfqEGOojsGYE5rbg==",
        "dependencies": {
          "Microsoft.OpenApi": "1.1.4"
        }
      },
      "Swashbuckle.AspNetCore.SwaggerGen": {
        "type": "Transitive",
        "resolved": "5.4.1",
        "contentHash": "HH98jkSlJX16xyt/GRzjYs9SHekQTxT6Orok29smdrQ9usBkO8B2dBlUBxCLuupsch8ol46Oq/Apx3wve0LJTg==",
        "dependencies": {
          "Swashbuckle.AspNetCore.Swagger": "5.4.1"
        }
      },
      "Swashbuckle.AspNetCore.SwaggerUI": {
        "type": "Transitive",
        "resolved": "5.4.1",
        "contentHash": "YhRB2iqO/DILvWWxgzckPefxTwjJc9jPT1NjqEW/DPcYLP8CeR4/wII0h4mnV92pDcItPD5FVFT8yNotGmWViw=="
      },
      "System.Collections.Immutable": {
        "type": "Transitive",
        "resolved": "1.7.0",
        "contentHash": "RVSM6wZUo6L2y6P3vN6gjUtyJ2IF2RVtrepF3J7nrDKfFQd5u/SnSUFclchYQis8/k5scHy9E+fVeKVQLnnkzw=="
      },
      "System.ComponentModel.Annotations": {
        "type": "Transitive",
        "resolved": "4.7.0",
        "contentHash": "0YFqjhp/mYkDGpU0Ye1GjE53HMp9UVfGN7seGpAMttAC0C40v5gw598jCgpbBLMmCo0E5YRLBv5Z2doypO49ZQ=="
      },
      "System.Diagnostics.DiagnosticSource": {
        "type": "Transitive",
        "resolved": "4.7.0",
        "contentHash": "oJjw3uFuVDJiJNbCD8HB4a2p3NYLdt1fiT5OGsPLw+WTOuG0KpP4OXelMmmVKpClueMsit6xOlzy4wNKQFiBLg=="
      },
      "System.Runtime.CompilerServices.Unsafe": {
        "type": "Transitive",
        "resolved": "4.6.0",
        "contentHash": "HxozeSlipUK7dAroTYwIcGwKDeOVpQnJlpVaOkBz7CM4TsE5b/tKlQBZecTjh6FzcSbxndYaxxpsBMz+wMJeyw=="
      },
      "rvtr.account.datacontext": {
        "type": "Project",
        "dependencies": {
          "RVTR.Account.ObjectModel": "1.0.0",
          "npgsql.entityframeworkcore.postgresql": "3.1.3"
        }
      },
      "rvtr.account.objectmodel": {
        "type": "Project",
        "dependencies": {
          "system.componentmodel.annotations": "4.7.0"
        }
      }
    }
  }
}