{
  "version": 1,
  "dependencies": {
    ".NETStandard,Version=v2.0": {
      "NETStandard.Library": {
        "type": "Direct",
        "requested": "[2.0.3, )",
        "resolved": "2.0.3",
        "contentHash": "st47PosZSHrjECdjeIzZQbzivYBJFv6P2nv4cj2ypdI204DO+vZ7l5raGMiX4eXMJ53RfOIg+/s4DHVZ54Nu2A==",
        "dependencies": {
          "Microsoft.NETCore.Platforms": "1.1.0"
        }
      },
      "Npgsql.EntityFrameworkCore.PostgreSQL": {
        "type": "Direct",
        "requested": "[3.1.3, )",
        "resolved": "3.1.3",
        "contentHash": "OsuFPlLHx8fyZQOF6e1AOOZ5Wn93eMAGyMihTe/06WEfTy/a367XwU9xJR+sqfvwXKUy+fvLafgFVG0etLTklQ==",
        "dependencies": {
          "Microsoft.EntityFrameworkCore": "3.1.3",
          "Microsoft.EntityFrameworkCore.Abstractions": "3.1.3",
          "Microsoft.EntityFrameworkCore.Relational": "3.1.3",
          "Npgsql": "4.1.3"
        }
      },
      "Microsoft.Bcl.AsyncInterfaces": {
        "type": "Transitive",
        "resolved": "1.1.0",
        "contentHash": "1Am6l4Vpn3/K32daEqZI+FFr96OlZkgwK2LcT3pZ2zWubR5zTPW3/FkO1Rat9kb7oQOa4rxgl9LJHc5tspCWfg==",
        "dependencies": {
          "System.Threading.Tasks.Extensions": "4.5.2"
        }
      },
      "Microsoft.Bcl.HashCode": {
        "type": "Transitive",
        "resolved": "1.1.0",
        "contentHash": "J2G1k+u5unBV+aYcwxo94ip16Rkp65pgWFb0R6zwJipzWNMgvqlWeuI7/+R+e8bob66LnSG+llLJ+z8wI94cHg=="
      },
      "Microsoft.EntityFrameworkCore": {
        "type": "Transitive",
        "resolved": "3.1.3",
        "contentHash": "+LyCAQqSxBhorS0xz6gH0AXR05JkSz4L/Dn7ZgMvwMxAqYMSzMso0nHUv4PJbWI5sgjHxYCTFf0JeNLi/8ctpg==",
        "dependencies": {
          "Microsoft.Bcl.AsyncInterfaces": "1.1.0",
          "Microsoft.Bcl.HashCode": "1.1.0",
          "Microsoft.EntityFrameworkCore.Abstractions": "3.1.3",
          "Microsoft.EntityFrameworkCore.Analyzers": "3.1.3",
          "Microsoft.Extensions.Caching.Memory": "3.1.3",
          "Microsoft.Extensions.DependencyInjection": "3.1.3",
          "Microsoft.Extensions.Logging": "3.1.3",
          "System.Collections.Immutable": "1.7.0",
          "System.ComponentModel.Annotations": "4.7.0",
          "System.Diagnostics.DiagnosticSource": "4.7.0"
        }
      },
      "Microsoft.EntityFrameworkCore.Abstractions": {
        "type": "Transitive",
        "resolved": "3.1.3",
        "contentHash": "Lw85zK0KR3Qh9/PddsUAPWxRVhhmRxpx07vH3r8ievnPWF47u2gANwvtxI8GYNYYIapYd0/wq5e6vSGcEIJryw=="
      },
      "Microsoft.EntityFrameworkCore.Analyzers": {
        "type": "Transitive",
        "resolved": "3.1.3",
        "contentHash": "FrGD6Os1wCM7dq7kCvFMR1ixEo0VsceqYBpKm6DuF8nDlyHGCYRnaeagMjTraWCtZz0jpqGu83qD880E/NgSBA=="
      },
      "Microsoft.EntityFrameworkCore.Relational": {
        "type": "Transitive",
        "resolved": "3.1.3",
        "contentHash": "uL8nPKSGtWkqi613tGj2fbFGskm4k6KKE7rRcWFEQx0tbrOyMiowL4gErFLa0izmoSE1uWhEdqxq1iE1C3yCmw==",
        "dependencies": {
          "Microsoft.EntityFrameworkCore": "3.1.3"
        }
      },
      "Microsoft.Extensions.Caching.Abstractions": {
        "type": "Transitive",
        "resolved": "3.1.3",
        "contentHash": "jWyuPd4HqWT0rEjoCnG/7OB/KcYbIBa0z7TS6eWytTwrbjT2/pnp+LUYUZAqc9ppSZFf2u2gFYQ7RFS3UU+vEw==",
        "dependencies": {
          "Microsoft.Extensions.Primitives": "3.1.3"
        }
      },
      "Microsoft.Extensions.Caching.Memory": {
        "type": "Transitive",
        "resolved": "3.1.3",
        "contentHash": "Ie7mWAuyd6BxnUYswc84Bf8iMHknNcP2ZV0me/8ZCsaIwcNb+NUHJOZwwaaAz6HJM6+K0PLilPePTCVkqY8XGw==",
        "dependencies": {
          "Microsoft.Extensions.Caching.Abstractions": "3.1.3",
          "Microsoft.Extensions.DependencyInjection.Abstractions": "3.1.3",
          "Microsoft.Extensions.Logging.Abstractions": "3.1.3",
          "Microsoft.Extensions.Options": "3.1.3"
        }
      },
      "Microsoft.Extensions.Configuration": {
        "type": "Transitive",
        "resolved": "3.1.3",
        "contentHash": "nTr4JgTSJScDBD3lahIh1jUBH8A43oG1cqID1qLoHSZhtegslpIyTYxmnehtUKi6xdY5j9R0oWeeGEP+JTcmAg==",
        "dependencies": {
          "Microsoft.Extensions.Configuration.Abstractions": "3.1.3"
        }
      },
      "Microsoft.Extensions.Configuration.Abstractions": {
        "type": "Transitive",
        "resolved": "3.1.3",
        "contentHash": "d3vpIJdw+hRtkW1WoNTXhCczakVVId30Tj58li5GbJxz6MVGi8gy4+7JdLBb/wuHFd4+25cZe+Z0WPi207rBbQ==",
        "dependencies": {
          "Microsoft.Extensions.Primitives": "3.1.3"
        }
      },
      "Microsoft.Extensions.Configuration.Binder": {
        "type": "Transitive",
        "resolved": "3.1.3",
        "contentHash": "GouLlU6JOffNNudJpC+eGtGMe9o5ds2oH9dsJUEH1QS13eLl60eNX9rHicaE40c252e7Aixn3sS7yregDfpQ8g==",
        "dependencies": {
          "Microsoft.Extensions.Configuration": "3.1.3"
        }
      },
      "Microsoft.Extensions.DependencyInjection": {
        "type": "Transitive",
        "resolved": "3.1.3",
        "contentHash": "H/d/jt4Pdp2iYx28shLkxfgQpk9S7cCCTEjtS/61PbZcFAT/mc4cemmOlBdED7+CqmEAIDg8X4Fo0KtADaNizg==",
        "dependencies": {
          "Microsoft.Bcl.AsyncInterfaces": "1.1.0",
          "Microsoft.Extensions.DependencyInjection.Abstractions": "3.1.3"
        }
      },
      "Microsoft.Extensions.DependencyInjection.Abstractions": {
        "type": "Transitive",
        "resolved": "3.1.3",
        "contentHash": "woeS5XeBChU76EmtFCwGHKgBfsYIn76u3myDq4zNY2ZrcwzBMNEViK2FRgXDgF11PBNbGdKCXsWFFZDtqPW0nQ=="
      },
      "Microsoft.Extensions.Logging": {
        "type": "Transitive",
        "resolved": "3.1.3",
        "contentHash": "mAuOMhgB73dgVYeJzrksGU6BUBr7vIruFJyxssYK1nmDS+ude0kShILrXPq2iGHOvYNacczW4VSa6zcssUh4iQ==",
        "dependencies": {
          "Microsoft.Extensions.Configuration.Binder": "3.1.3",
          "Microsoft.Extensions.DependencyInjection": "3.1.3",
          "Microsoft.Extensions.Logging.Abstractions": "3.1.3",
          "Microsoft.Extensions.Options": "3.1.3"
        }
      },
      "Microsoft.Extensions.Logging.Abstractions": {
        "type": "Transitive",
        "resolved": "3.1.3",
        "contentHash": "j6r0E+OVinD4s13CIZASYJLLLApStb1yh5Vig7moB2FE1UsMRj4TYJ/xioDjreVA0dyOFpbWny1/n2iSJMbmNg=="
      },
      "Microsoft.Extensions.Options": {
        "type": "Transitive",
        "resolved": "3.1.3",
        "contentHash": "RyOSOg/kHW3AXojWGSdOs3BXJJnE9Sc6RVvP4LhnY5oaC2Da4k8CWfIw7I+QThxV8HTCPjzmON9c+QO+JZggNg==",
        "dependencies": {
          "Microsoft.Extensions.DependencyInjection.Abstractions": "3.1.3",
          "Microsoft.Extensions.Primitives": "3.1.3",
          "System.ComponentModel.Annotations": "4.7.0"
        }
      },
      "Microsoft.Extensions.Primitives": {
        "type": "Transitive",
        "resolved": "3.1.3",
        "contentHash": "5gK6qeq9CBCHBfB3Tim3jCJTLafT9FXFBAZZq39rC8adz8mxcjVAuQSw3jGgHqoRk0jwtXKFhXJUVur8vfeuFg==",
        "dependencies": {
          "System.Memory": "4.5.2",
          "System.Runtime.CompilerServices.Unsafe": "4.7.1"
        }
      },
      "Microsoft.NETCore.Platforms": {
        "type": "Transitive",
        "resolved": "1.1.0",
        "contentHash": "kz0PEW2lhqygehI/d6XsPCQzD7ff7gUJaVGPVETX611eadGsA3A877GdSlU0LRVMCTH/+P3o2iDTak+S08V2+A=="
      },
      "Npgsql": {
        "type": "Transitive",
        "resolved": "4.1.3",
        "contentHash": "sWTXCb6WPPO7WEw4+1XoRqE49EdWmuyMA15LVbzV6jZgRxYWK8TbdniWMjguzmAgOZVYTmrCf+jsqPYoSqACvA==",
        "dependencies": {
          "System.Memory": "4.5.3",
          "System.Runtime.CompilerServices.Unsafe": "4.6.0",
          "System.Text.Json": "4.6.0",
          "System.Threading.Tasks.Extensions": "4.5.3",
          "System.ValueTuple": "4.5.0"
        }
      },
      "System.Buffers": {
        "type": "Transitive",
        "resolved": "4.5.0",
        "contentHash": "pL2ChpaRRWI/p4LXyy4RgeWlYF2sgfj/pnVMvBqwNFr5cXg7CXNnWZWxrOONLg8VGdFB8oB+EG2Qw4MLgTOe+A=="
      },
      "System.Collections.Immutable": {
        "type": "Transitive",
        "resolved": "1.7.0",
        "contentHash": "RVSM6wZUo6L2y6P3vN6gjUtyJ2IF2RVtrepF3J7nrDKfFQd5u/SnSUFclchYQis8/k5scHy9E+fVeKVQLnnkzw==",
        "dependencies": {
          "System.Memory": "4.5.3"
        }
      },
      "System.ComponentModel.Annotations": {
        "type": "Transitive",
        "resolved": "4.7.0",
        "contentHash": "0YFqjhp/mYkDGpU0Ye1GjE53HMp9UVfGN7seGpAMttAC0C40v5gw598jCgpbBLMmCo0E5YRLBv5Z2doypO49ZQ=="
      },
      "System.Diagnostics.DiagnosticSource": {
        "type": "Transitive",
        "resolved": "4.7.0",
        "contentHash": "oJjw3uFuVDJiJNbCD8HB4a2p3NYLdt1fiT5OGsPLw+WTOuG0KpP4OXelMmmVKpClueMsit6xOlzy4wNKQFiBLg==",
        "dependencies": {
          "System.Memory": "4.5.3"
        }
      },
      "System.Memory": {
        "type": "Transitive",
        "resolved": "4.5.3",
        "contentHash": "3oDzvc/zzetpTKWMShs1AADwZjQ/36HnsufHRPcOjyRAAMLDlu2iD33MBI2opxnezcVUtXyqDXXjoFMOU9c7SA==",
        "dependencies": {
          "System.Buffers": "4.4.0",
          "System.Numerics.Vectors": "4.4.0",
          "System.Runtime.CompilerServices.Unsafe": "4.5.2"
        }
      },
      "System.Numerics.Vectors": {
        "type": "Transitive",
        "resolved": "4.5.0",
        "contentHash": "QQTlPTl06J/iiDbJCiepZ4H//BVraReU4O4EoRw1U02H5TLUIT7xn3GnDp9AXPSlJUDyFs4uWjWafNX6WrAojQ=="
      },
      "System.Runtime.CompilerServices.Unsafe": {
        "type": "Transitive",
        "resolved": "4.7.1",
        "contentHash": "zOHkQmzPCn5zm/BH+cxC1XbUS3P4Yoi3xzW7eRgVpDR2tPGSzyMZ17Ig1iRkfJuY0nhxkQQde8pgePNiA7z7TQ=="
      },
      "System.Text.Encodings.Web": {
        "type": "Transitive",
        "resolved": "4.6.0",
        "contentHash": "BXgFO8Yi7ao7hVA/nklD0Hre1Bbce048ZqryGZVFifGNPuh+2jqF1i/jLJLMfFGZIzUOw+nCIeH24SQhghDSPw==",
        "dependencies": {
          "System.Memory": "4.5.3"
        }
      },
      "System.Text.Json": {
        "type": "Transitive",
        "resolved": "4.6.0",
        "contentHash": "4F8Xe+JIkVoDJ8hDAZ7HqLkjctN/6WItJIzQaifBwClC7wmoLSda/Sv2i6i1kycqDb3hWF4JCVbpAweyOKHEUA==",
        "dependencies": {
          "Microsoft.Bcl.AsyncInterfaces": "1.0.0",
          "System.Buffers": "4.5.0",
          "System.Memory": "4.5.3",
          "System.Numerics.Vectors": "4.5.0",
          "System.Runtime.CompilerServices.Unsafe": "4.6.0",
          "System.Text.Encodings.Web": "4.6.0",
          "System.Threading.Tasks.Extensions": "4.5.2"
        }
      },
      "System.Threading.Tasks.Extensions": {
        "type": "Transitive",
        "resolved": "4.5.3",
        "contentHash": "+MvhNtcvIbqmhANyKu91jQnvIRVSTiaOiFNfKWwXGHG48YAb4I/TyH8spsySiPYla7gKal5ZnF3teJqZAximyQ==",
        "dependencies": {
          "System.Runtime.CompilerServices.Unsafe": "4.5.2"
        }
      },
      "System.ValueTuple": {
        "type": "Transitive",
        "resolved": "4.5.0",
        "contentHash": "okurQJO6NRE/apDIP23ajJ0hpiNmJ+f0BwOlB/cSqTLQlw5upkf+5+96+iG2Jw40G1fCVCyPz/FhIABUjMR+RQ=="
      },
      "rvtr.account.objectmodel": {
        "type": "Project",
        "dependencies": {
          "system.componentmodel.annotations": "4.7.0"
        }
      }
    }
  }
}