{
  "version": 1,
  "dependencies": {
    ".NETCoreApp,Version=v3.1": {
      "Grpc.AspNetCore": {
        "type": "Direct",
        "requested": "[2.27.0, )",
        "resolved": "2.27.0",
        "contentHash": "IKuhlnLdxprf5Z6d2BzyxK0KSNDUkDT6AJA3SVUUnpShbjHwI5AMKzubcLsg1w4v2frdYvH6i2nWereDHHtLoA==",
        "dependencies": {
          "Google.Protobuf": "3.11.2",
          "Grpc.AspNetCore.Server.ClientFactory": "2.27.0",
          "Grpc.Tools": "2.27.0"
        }
      },
      "Npgsql.EntityFrameworkCore.PostgreSQL": {
        "type": "Direct",
        "requested": "[3.1.3, )",
        "resolved": "3.1.3",
        "contentHash": "OsuFPlLHx8fyZQOF6e1AOOZ5Wn93eMAGyMihTe/06WEfTy/a367XwU9xJR+sqfvwXKUy+fvLafgFVG0etLTklQ==",
        "dependencies": {
          "Microsoft.EntityFrameworkCore": "3.1.3",
          "Microsoft.EntityFrameworkCore.Abstractions": "3.1.3",
          "Microsoft.EntityFrameworkCore.Relational": "3.1.3",
          "Npgsql": "4.1.3"
        }
      },
      "Google.Protobuf": {
        "type": "Transitive",
        "resolved": "3.11.2",
        "contentHash": "bebdVFzZcwlKN9FcnrdjGfxYKSmn3UbdLR+P30lr/bQVjguiQmnKYuOC2E/7DQRvSNRDQ/QMFBIohSif+0pSpA==",
        "dependencies": {
          "System.Memory": "4.5.2"
        }
      },
      "Grpc.AspNetCore.Server": {
        "type": "Transitive",
        "resolved": "2.27.0",
        "contentHash": "2z5MItXo9IxT+kikB82zVpzmwUF/cDjWq0oJHgnhql9JAu62LpY+gb8u1LR1X+YWPc+EznFsPWS1GBSUAZ7bGg==",
        "dependencies": {
          "Grpc.Core.Api": "2.27.0",
          "Grpc.Net.Common": "2.27.0"
        }
      },
      "Grpc.AspNetCore.Server.ClientFactory": {
        "type": "Transitive",
        "resolved": "2.27.0",
        "contentHash": "g09twYdktfpguByJDRRWvY51yfdS6fXnmPXCUNuhD5ipfOHQe6xu7ZTAaOKrwHUbTtPh/8bEFWfKzSzEJ0kdVQ==",
        "dependencies": {
          "Grpc.AspNetCore.Server": "2.27.0",
          "Grpc.Core.Api": "2.27.0",
          "Grpc.Net.ClientFactory": "2.27.0"
        }
      },
      "Grpc.Core.Api": {
        "type": "Transitive",
        "resolved": "2.27.0",
        "contentHash": "UAHXfV+n6TEMCybML7V+1qWP7G9byGXUE2mtATWpctP7xB8P5J++iYMuyxrprKkC36X/QuUwHJmHpBxlDHzF2g==",
        "dependencies": {
          "System.Memory": "4.5.3"
        }
      },
      "Grpc.Net.Client": {
        "type": "Transitive",
        "resolved": "2.27.0",
        "contentHash": "1jusirgVs+suNvuF0jsMXFJAF+oPwBVFgGvKuLD7UmmDqbUsHD4m80GKuEs9OR/1JYqwcpOfrBsBWhhFvdUIrA==",
        "dependencies": {
          "Grpc.Core.Api": "2.27.0",
          "Grpc.Net.Common": "2.27.0",
          "Microsoft.Extensions.Logging.Abstractions": "2.1.1",
          "System.Diagnostics.DiagnosticSource": "4.5.1"
        }
      },
      "Grpc.Net.ClientFactory": {
        "type": "Transitive",
        "resolved": "2.27.0",
        "contentHash": "ufHv+ncg5zCBa8H1J53MdcPbrRNRFGXKemL8OsOMhUCBAWh9L4mpTv8gpv+sLn9Iw4sUArgqU/bsxyHbppLGPA==",
        "dependencies": {
          "Grpc.Core.Api": "2.27.0",
          "Grpc.Net.Client": "2.27.0",
          "Microsoft.Extensions.Http": "2.1.1"
        }
      },
      "Grpc.Net.Common": {
        "type": "Transitive",
        "resolved": "2.27.0",
        "contentHash": "qMd5Yf6PsN+TxGmz/wPB1dbih7HHgTkWhIZ2wYQX52znbWG2uBaZsBcyQgda1nNaMrXJzevbGb9eFKnvqmOBkw==",
        "dependencies": {
          "Grpc.Core.Api": "2.27.0"
        }
      },
      "Grpc.Tools": {
        "type": "Transitive",
        "resolved": "2.27.0",
        "contentHash": "eaDHiBziIPLpJ9vLGgxW3YXgHhYCKi0yPgyVuDM1dSTQEzwzannL9i9aqaPfcVliY/vWDCik3ki0PPwxzLUdww=="
      },
      "Microsoft.Bcl.AsyncInterfaces": {
        "type": "Transitive",
        "resolved": "1.1.0",
        "contentHash": "1Am6l4Vpn3/K32daEqZI+FFr96OlZkgwK2LcT3pZ2zWubR5zTPW3/FkO1Rat9kb7oQOa4rxgl9LJHc5tspCWfg=="
      },
      "Microsoft.Bcl.HashCode": {
        "type": "Transitive",
        "resolved": "1.1.0",
        "contentHash": "J2G1k+u5unBV+aYcwxo94ip16Rkp65pgWFb0R6zwJipzWNMgvqlWeuI7/+R+e8bob66LnSG+llLJ+z8wI94cHg=="
      },
      "Microsoft.EntityFrameworkCore": {
        "type": "Transitive",
        "resolved": "3.1.3",
        "contentHash": "+LyCAQqSxBhorS0xz6gH0AXR05JkSz4L/Dn7ZgMvwMxAqYMSzMso0nHUv4PJbWI5sgjHxYCTFf0JeNLi/8ctpg==",
        "dependencies": {
          "Microsoft.Bcl.AsyncInterfaces": "1.1.0",
          "Microsoft.Bcl.HashCode": "1.1.0",
          "Microsoft.EntityFrameworkCore.Abstractions": "3.1.3",
          "Microsoft.EntityFrameworkCore.Analyzers": "3.1.3",
          "Microsoft.Extensions.Caching.Memory": "3.1.3",
          "Microsoft.Extensions.DependencyInjection": "3.1.3",
          "Microsoft.Extensions.Logging": "3.1.3",
          "System.Collections.Immutable": "1.7.0",
          "System.ComponentModel.Annotations": "4.7.0",
          "System.Diagnostics.DiagnosticSource": "4.7.0"
        }
      },
      "Microsoft.EntityFrameworkCore.Abstractions": {
        "type": "Transitive",
        "resolved": "3.1.3",
        "contentHash": "Lw85zK0KR3Qh9/PddsUAPWxRVhhmRxpx07vH3r8ievnPWF47u2gANwvtxI8GYNYYIapYd0/wq5e6vSGcEIJryw=="
      },
      "Microsoft.EntityFrameworkCore.Analyzers": {
        "type": "Transitive",
        "resolved": "3.1.3",
        "contentHash": "FrGD6Os1wCM7dq7kCvFMR1ixEo0VsceqYBpKm6DuF8nDlyHGCYRnaeagMjTraWCtZz0jpqGu83qD880E/NgSBA=="
      },
      "Microsoft.EntityFrameworkCore.Relational": {
        "type": "Transitive",
        "resolved": "3.1.3",
        "contentHash": "uL8nPKSGtWkqi613tGj2fbFGskm4k6KKE7rRcWFEQx0tbrOyMiowL4gErFLa0izmoSE1uWhEdqxq1iE1C3yCmw==",
        "dependencies": {
          "Microsoft.EntityFrameworkCore": "3.1.3"
        }
      },
      "Microsoft.Extensions.Caching.Abstractions": {
        "type": "Transitive",
        "resolved": "3.1.3",
        "contentHash": "jWyuPd4HqWT0rEjoCnG/7OB/KcYbIBa0z7TS6eWytTwrbjT2/pnp+LUYUZAqc9ppSZFf2u2gFYQ7RFS3UU+vEw==",
        "dependencies": {
          "Microsoft.Extensions.Primitives": "3.1.3"
        }
      },
      "Microsoft.Extensions.Caching.Memory": {
        "type": "Transitive",
        "resolved": "3.1.3",
        "contentHash": "Ie7mWAuyd6BxnUYswc84Bf8iMHknNcP2ZV0me/8ZCsaIwcNb+NUHJOZwwaaAz6HJM6+K0PLilPePTCVkqY8XGw==",
        "dependencies": {
          "Microsoft.Extensions.Caching.Abstractions": "3.1.3",
          "Microsoft.Extensions.DependencyInjection.Abstractions": "3.1.3",
          "Microsoft.Extensions.Logging.Abstractions": "3.1.3",
          "Microsoft.Extensions.Options": "3.1.3"
        }
      },
      "Microsoft.Extensions.Configuration": {
        "type": "Transitive",
        "resolved": "3.1.3",
        "contentHash": "nTr4JgTSJScDBD3lahIh1jUBH8A43oG1cqID1qLoHSZhtegslpIyTYxmnehtUKi6xdY5j9R0oWeeGEP+JTcmAg==",
        "dependencies": {
          "Microsoft.Extensions.Configuration.Abstractions": "3.1.3"
        }
      },
      "Microsoft.Extensions.Configuration.Abstractions": {
        "type": "Transitive",
        "resolved": "3.1.3",
        "contentHash": "d3vpIJdw+hRtkW1WoNTXhCczakVVId30Tj58li5GbJxz6MVGi8gy4+7JdLBb/wuHFd4+25cZe+Z0WPi207rBbQ==",
        "dependencies": {
          "Microsoft.Extensions.Primitives": "3.1.3"
        }
      },
      "Microsoft.Extensions.Configuration.Binder": {
        "type": "Transitive",
        "resolved": "3.1.3",
        "contentHash": "GouLlU6JOffNNudJpC+eGtGMe9o5ds2oH9dsJUEH1QS13eLl60eNX9rHicaE40c252e7Aixn3sS7yregDfpQ8g==",
        "dependencies": {
          "Microsoft.Extensions.Configuration": "3.1.3"
        }
      },
      "Microsoft.Extensions.DependencyInjection": {
        "type": "Transitive",
        "resolved": "3.1.3",
        "contentHash": "H/d/jt4Pdp2iYx28shLkxfgQpk9S7cCCTEjtS/61PbZcFAT/mc4cemmOlBdED7+CqmEAIDg8X4Fo0KtADaNizg==",
        "dependencies": {
          "Microsoft.Extensions.DependencyInjection.Abstractions": "3.1.3"
        }
      },
      "Microsoft.Extensions.DependencyInjection.Abstractions": {
        "type": "Transitive",
        "resolved": "3.1.3",
        "contentHash": "woeS5XeBChU76EmtFCwGHKgBfsYIn76u3myDq4zNY2ZrcwzBMNEViK2FRgXDgF11PBNbGdKCXsWFFZDtqPW0nQ=="
      },
      "Microsoft.Extensions.Http": {
        "type": "Transitive",
        "resolved": "2.1.1",
        "contentHash": "GOly249seL3HL2+lgfLWHirsggRwK4EmSa6zUb+sPbgXHN+f9w/y/6XV3DPjYjtyt3v38FkPTD6odPcJJKtvlg==",
        "dependencies": {
          "Microsoft.Extensions.DependencyInjection.Abstractions": "2.1.1",
          "Microsoft.Extensions.Logging": "2.1.1",
          "Microsoft.Extensions.Options": "2.1.1"
        }
      },
      "Microsoft.Extensions.Logging": {
        "type": "Transitive",
        "resolved": "3.1.3",
        "contentHash": "mAuOMhgB73dgVYeJzrksGU6BUBr7vIruFJyxssYK1nmDS+ude0kShILrXPq2iGHOvYNacczW4VSa6zcssUh4iQ==",
        "dependencies": {
          "Microsoft.Extensions.Configuration.Binder": "3.1.3",
          "Microsoft.Extensions.DependencyInjection": "3.1.3",
          "Microsoft.Extensions.Logging.Abstractions": "3.1.3",
          "Microsoft.Extensions.Options": "3.1.3"
        }
      },
      "Microsoft.Extensions.Logging.Abstractions": {
        "type": "Transitive",
        "resolved": "3.1.3",
        "contentHash": "j6r0E+OVinD4s13CIZASYJLLLApStb1yh5Vig7moB2FE1UsMRj4TYJ/xioDjreVA0dyOFpbWny1/n2iSJMbmNg=="
      },
      "Microsoft.Extensions.Options": {
        "type": "Transitive",
        "resolved": "3.1.3",
        "contentHash": "RyOSOg/kHW3AXojWGSdOs3BXJJnE9Sc6RVvP4LhnY5oaC2Da4k8CWfIw7I+QThxV8HTCPjzmON9c+QO+JZggNg==",
        "dependencies": {
          "Microsoft.Extensions.DependencyInjection.Abstractions": "3.1.3",
          "Microsoft.Extensions.Primitives": "3.1.3"
        }
      },
      "Microsoft.Extensions.Primitives": {
        "type": "Transitive",
        "resolved": "3.1.3",
        "contentHash": "5gK6qeq9CBCHBfB3Tim3jCJTLafT9FXFBAZZq39rC8adz8mxcjVAuQSw3jGgHqoRk0jwtXKFhXJUVur8vfeuFg=="
      },
      "Npgsql": {
        "type": "Transitive",
        "resolved": "4.1.3",
        "contentHash": "sWTXCb6WPPO7WEw4+1XoRqE49EdWmuyMA15LVbzV6jZgRxYWK8TbdniWMjguzmAgOZVYTmrCf+jsqPYoSqACvA==",
        "dependencies": {
          "System.Runtime.CompilerServices.Unsafe": "4.6.0"
        }
      },
      "System.Collections.Immutable": {
        "type": "Transitive",
        "resolved": "1.7.0",
        "contentHash": "RVSM6wZUo6L2y6P3vN6gjUtyJ2IF2RVtrepF3J7nrDKfFQd5u/SnSUFclchYQis8/k5scHy9E+fVeKVQLnnkzw=="
      },
      "System.ComponentModel.Annotations": {
        "type": "Transitive",
        "resolved": "4.7.0",
        "contentHash": "0YFqjhp/mYkDGpU0Ye1GjE53HMp9UVfGN7seGpAMttAC0C40v5gw598jCgpbBLMmCo0E5YRLBv5Z2doypO49ZQ=="
      },
      "System.Diagnostics.DiagnosticSource": {
        "type": "Transitive",
        "resolved": "4.7.0",
        "contentHash": "oJjw3uFuVDJiJNbCD8HB4a2p3NYLdt1fiT5OGsPLw+WTOuG0KpP4OXelMmmVKpClueMsit6xOlzy4wNKQFiBLg=="
      },
      "System.Memory": {
        "type": "Transitive",
        "resolved": "4.5.3",
        "contentHash": "3oDzvc/zzetpTKWMShs1AADwZjQ/36HnsufHRPcOjyRAAMLDlu2iD33MBI2opxnezcVUtXyqDXXjoFMOU9c7SA=="
      },
      "System.Runtime.CompilerServices.Unsafe": {
        "type": "Transitive",
        "resolved": "4.6.0",
        "contentHash": "HxozeSlipUK7dAroTYwIcGwKDeOVpQnJlpVaOkBz7CM4TsE5b/tKlQBZecTjh6FzcSbxndYaxxpsBMz+wMJeyw=="
      },
      "rvtr.account.datacontext": {
        "type": "Project",
        "dependencies": {
          "RVTR.Account.ObjectModel": "1.0.0",
          "npgsql.entityframeworkcore.postgresql": "3.1.3"
        }
      },
      "rvtr.account.objectmodel": {
        "type": "Project",
        "dependencies": {
          "system.componentmodel.annotations": "4.7.0"
        }
      }
    }
  }
}